// !$*UTF8*$!
{
	archiveVersion = 1;
	classes = {
	};
	objectVersion = 46;
	objects = {

/* Begin PBXBuildFile section */
		74FC51021B4BC98000A111E6 /* main.m in Sources */ = {isa = PBXBuildFile; fileRef = 74FC51011B4BC98000A111E6 /* main.m */; };
		74FC51051B4BC98000A111E6 /* AppDelegate.m in Sources */ = {isa = PBXBuildFile; fileRef = 74FC51041B4BC98000A111E6 /* AppDelegate.m */; };
		74FC510B1B4BC98000A111E6 /* Main.storyboard in Resources */ = {isa = PBXBuildFile; fileRef = 74FC51091B4BC98000A111E6 /* Main.storyboard */; };
		74FC510D1B4BC98000A111E6 /* Images.xcassets in Resources */ = {isa = PBXBuildFile; fileRef = 74FC510C1B4BC98000A111E6 /* Images.xcassets */; };
		74FC51101B4BC98000A111E6 /* LaunchScreen.xib in Resources */ = {isa = PBXBuildFile; fileRef = 74FC510E1B4BC98000A111E6 /* LaunchScreen.xib */; };
		74FC511C1B4BC98000A111E6 /* OMenuTests.m in Sources */ = {isa = PBXBuildFile; fileRef = 74FC511B1B4BC98000A111E6 /* OMenuTests.m */; };
/* End PBXBuildFile section */

/* Begin PBXContainerItemProxy section */
		74FC51161B4BC98000A111E6 /* PBXContainerItemProxy */ = {
			isa = PBXContainerItemProxy;
			containerPortal = 74FC50F41B4BC98000A111E6 /* Project object */;
			proxyType = 1;
			remoteGlobalIDString = 74FC50FB1B4BC98000A111E6;
			remoteInfo = OMenu;
		};
/* End PBXContainerItemProxy section */

/* Begin PBXFileReference section */
		74FC50FC1B4BC98000A111E6 /* OMenu.app */ = {isa = PBXFileReference; explicitFileType = wrapper.application; includeInIndex = 0; path = OMenu.app; sourceTree = BUILT_PRODUCTS_DIR; };
		74FC51001B4BC98000A111E6 /* Info.plist */ = {isa = PBXFileReference; lastKnownFileType = text.plist.xml; path = Info.plist; sourceTree = "<group>"; };
		74FC51011B4BC98000A111E6 /* main.m */ = {isa = PBXFileReference; lastKnownFileType = sourcecode.c.objc; path = main.m; sourceTree = "<group>"; };
		74FC51031B4BC98000A111E6 /* AppDelegate.h */ = {isa = PBXFileReference; lastKnownFileType = sourcecode.c.h; path = AppDelegate.h; sourceTree = "<group>"; };
		74FC51041B4BC98000A111E6 /* AppDelegate.m */ = {isa = PBXFileReference; lastKnownFileType = sourcecode.c.objc; path = AppDelegate.m; sourceTree = "<group>"; };
		74FC510A1B4BC98000A111E6 /* Base */ = {isa = PBXFileReference; lastKnownFileType = file.storyboard; name = Base; path = Base.lproj/Main.storyboard; sourceTree = "<group>"; };
		74FC510C1B4BC98000A111E6 /* Images.xcassets */ = {isa = PBXFileReference; lastKnownFileType = folder.assetcatalog; path = Images.xcassets; sourceTree = "<group>"; };
		74FC510F1B4BC98000A111E6 /* Base */ = {isa = PBXFileReference; lastKnownFileType = file.xib; name = Base; path = Base.lproj/LaunchScreen.xib; sourceTree = "<group>"; };
		74FC51151B4BC98000A111E6 /* OMenuTests.xctest */ = {isa = PBXFileReference; explicitFileType = wrapper.cfbundle; includeInIndex = 0; path = OMenuTests.xctest; sourceTree = BUILT_PRODUCTS_DIR; };
		74FC511A1B4BC98000A111E6 /* Info.plist */ = {isa = PBXFileReference; lastKnownFileType = text.plist.xml; path = Info.plist; sourceTree = "<group>"; };
		74FC511B1B4BC98000A111E6 /* OMenuTests.m */ = {isa = PBXFileReference; lastKnownFileType = sourcecode.c.objc; path = OMenuTests.m; sourceTree = "<group>"; };
/* End PBXFileReference section */

/* Begin PBXFrameworksBuildPhase section */
		74FC50F91B4BC98000A111E6 /* Frameworks */ = {
			isa = PBXFrameworksBuildPhase;
			buildActionMask = 2147483647;
			files = (
			);
			runOnlyForDeploymentPostprocessing = 0;
		};
		74FC51121B4BC98000A111E6 /* Frameworks */ = {
			isa = PBXFrameworksBuildPhase;
			buildActionMask = 2147483647;
			files = (
			);
			runOnlyForDeploymentPostprocessing = 0;
		};
/* End PBXFrameworksBuildPhase section */

/* Begin PBXGroup section */
		74FC50F31B4BC98000A111E6 = {
			isa = PBXGroup;
			children = (
				74FC50FE1B4BC98000A111E6 /* OMenu */,
				74FC51181B4BC98000A111E6 /* OMenuTests */,
				74FC50FD1B4BC98000A111E6 /* Products */,
			);
			sourceTree = "<group>";
		};
		74FC50FD1B4BC98000A111E6 /* Products */ = {
			isa = PBXGroup;
			children = (
				74FC50FC1B4BC98000A111E6 /* OMenu.app */,
				74FC51151B4BC98000A111E6 /* OMenuTests.xctest */,
			);
			name = Products;
			sourceTree = "<group>";
		};
		74FC50FE1B4BC98000A111E6 /* OMenu */ = {
			isa = PBXGroup;
			children = (
				74FC51031B4BC98000A111E6 /* AppDelegate.h */,
				74FC51041B4BC98000A111E6 /* AppDelegate.m */,
				74FC51091B4BC98000A111E6 /* Main.storyboard */,
				74FC510C1B4BC98000A111E6 /* Images.xcassets */,
				74FC510E1B4BC98000A111E6 /* LaunchScreen.xib */,
				74FC50FF1B4BC98000A111E6 /* Supporting Files */,
			);
			path = OMenu;
			sourceTree = "<group>";
		};
		74FC50FF1B4BC98000A111E6 /* Supporting Files */ = {
			isa = PBXGroup;
			children = (
				74FC51001B4BC98000A111E6 /* Info.plist */,
				74FC51011B4BC98000A111E6 /* main.m */,
			);
			name = "Supporting Files";
			sourceTree = "<group>";
		};
		74FC51181B4BC98000A111E6 /* OMenuTests */ = {
			isa = PBXGroup;
			children = (
				74FC511B1B4BC98000A111E6 /* OMenuTests.m */,
				74FC51191B4BC98000A111E6 /* Supporting Files */,
			);
			path = OMenuTests;
			sourceTree = "<group>";
		};
		74FC51191B4BC98000A111E6 /* Supporting Files */ = {
			isa = PBXGroup;
			children = (
				74FC511A1B4BC98000A111E6 /* Info.plist */,
			);
			name = "Supporting Files";
			sourceTree = "<group>";
		};
/* End PBXGroup section */

/* Begin PBXNativeTarget section */
		74FC50FB1B4BC98000A111E6 /* OMenu */ = {
			isa = PBXNativeTarget;
			buildConfigurationList = 74FC511F1B4BC98000A111E6 /* Build configuration list for PBXNativeTarget "OMenu" */;
			buildPhases = (
				74FC50F81B4BC98000A111E6 /* Sources */,
				74FC50F91B4BC98000A111E6 /* Frameworks */,
				74FC50FA1B4BC98000A111E6 /* Resources */,
			);
			buildRules = (
			);
			dependencies = (
			);
			name = OMenu;
			productName = OMenu;
			productReference = 74FC50FC1B4BC98000A111E6 /* OMenu.app */;
			productType = "com.apple.product-type.application";
		};
		74FC51141B4BC98000A111E6 /* OMenuTests */ = {
			isa = PBXNativeTarget;
			buildConfigurationList = 74FC51221B4BC98000A111E6 /* Build configuration list for PBXNativeTarget "OMenuTests" */;
			buildPhases = (
				74FC51111B4BC98000A111E6 /* Sources */,
				74FC51121B4BC98000A111E6 /* Frameworks */,
				74FC51131B4BC98000A111E6 /* Resources */,
			);
			buildRules = (
			);
			dependencies = (
				74FC51171B4BC98000A111E6 /* PBXTargetDependency */,
			);
			name = OMenuTests;
			productName = OMenuTests;
			productReference = 74FC51151B4BC98000A111E6 /* OMenuTests.xctest */;
			productType = "com.apple.product-type.bundle.unit-test";
		};
/* End PBXNativeTarget section */

/* Begin PBXProject section */
		74FC50F41B4BC98000A111E6 /* Project object */ = {
			isa = PBXProject;
			attributes = {
				LastUpgradeCheck = 0630;
				ORGANIZATIONNAME = Twentify;
				TargetAttributes = {
					74FC50FB1B4BC98000A111E6 = {
						CreatedOnToolsVersion = 6.3.2;
					};
					74FC51141B4BC98000A111E6 = {
						CreatedOnToolsVersion = 6.3.2;
						TestTargetID = 74FC50FB1B4BC98000A111E6;
					};
				};
			};
			buildConfigurationList = 74FC50F71B4BC98000A111E6 /* Build configuration list for PBXProject "OMenu" */;
			compatibilityVersion = "Xcode 3.2";
			developmentRegion = English;
			hasScannedForEncodings = 0;
			knownRegions = (
				en,
				Base,
			);
			mainGroup = 74FC50F31B4BC98000A111E6;
			productRefGroup = 74FC50FD1B4BC98000A111E6 /* Products */;
			projectDirPath = "";
			projectRoot = "";
			targets = (
				74FC50FB1B4BC98000A111E6 /* OMenu */,
				74FC51141B4BC98000A111E6 /* OMenuTests */,
			);
		};
/* End PBXProject section */

/* Begin PBXResourcesBuildPhase section */
		74FC50FA1B4BC98000A111E6 /* Resources */ = {
			isa = PBXResourcesBuildPhase;
			buildActionMask = 2147483647;
			files = (
				74FC510B1B4BC98000A111E6 /* Main.storyboard in Resources */,
				74FC51101B4BC98000A111E6 /* LaunchScreen.xib in Resources */,
				74FC510D1B4BC98000A111E6 /* Images.xcassets in Resources */,
			);
			runOnlyForDeploymentPostprocessing = 0;
		};
		74FC51131B4BC98000A111E6 /* Resources */ = {
			isa = PBXResourcesBuildPhase;
			buildActionMask = 2147483647;
			files = (
			);
			runOnlyForDeploymentPostprocessing = 0;
		};
/* End PBXResourcesBuildPhase section */

/* Begin PBXSourcesBuildPhase section */
		74FC50F81B4BC98000A111E6 /* Sources */ = {
			isa = PBXSourcesBuildPhase;
			buildActionMask = 2147483647;
			files = (
				74FC51051B4BC98000A111E6 /* AppDelegate.m in Sources */,
				74FC51021B4BC98000A111E6 /* main.m in Sources */,
			);
			runOnlyForDeploymentPostprocessing = 0;
		};
		74FC51111B4BC98000A111E6 /* Sources */ = {
			isa = PBXSourcesBuildPhase;
			buildActionMask = 2147483647;
			files = (
				74FC511C1B4BC98000A111E6 /* OMenuTests.m in Sources */,
			);
			runOnlyForDeploymentPostprocessing = 0;
		};
/* End PBXSourcesBuildPhase section */

/* Begin PBXTargetDependency section */
		74FC51171B4BC98000A111E6 /* PBXTargetDependency */ = {
			isa = PBXTargetDependency;
			target = 74FC50FB1B4BC98000A111E6 /* OMenu */;
			targetProxy = 74FC51161B4BC98000A111E6 /* PBXContainerItemProxy */;
		};
/* End PBXTargetDependency section */

/* Begin PBXVariantGroup section */
		74FC51091B4BC98000A111E6 /* Main.storyboard */ = {
			isa = PBXVariantGroup;
			children = (
				74FC510A1B4BC98000A111E6 /* Base */,
			);
			name = Main.storyboard;
			sourceTree = "<group>";
		};
		74FC510E1B4BC98000A111E6 /* LaunchScreen.xib */ = {
			isa = PBXVariantGroup;
			children = (
				74FC510F1B4BC98000A111E6 /* Base */,
			);
			name = LaunchScreen.xib;
			sourceTree = "<group>";
		};
/* End PBXVariantGroup section */

/* Begin XCBuildConfiguration section */
		74FC511D1B4BC98000A111E6 /* Debug */ = {
			isa = XCBuildConfiguration;
			buildSettings = {
				ALWAYS_SEARCH_USER_PATHS = NO;
				CLANG_CXX_LANGUAGE_STANDARD = "gnu++0x";
				CLANG_CXX_LIBRARY = "libc++";
				CLANG_ENABLE_MODULES = YES;
				CLANG_ENABLE_OBJC_ARC = YES;
				CLANG_WARN_BOOL_CONVERSION = YES;
				CLANG_WARN_CONSTANT_CONVERSION = YES;
				CLANG_WARN_DIRECT_OBJC_ISA_USAGE = YES_ERROR;
				CLANG_WARN_EMPTY_BODY = YES;
				CLANG_WARN_ENUM_CONVERSION = YES;
				CLANG_WARN_INT_CONVERSION = YES;
				CLANG_WARN_OBJC_ROOT_CLASS = YES_ERROR;
				CLANG_WARN_UNREACHABLE_CODE = YES;
				CLANG_WARN__DUPLICATE_METHOD_MATCH = YES;
				"CODE_SIGN_IDENTITY[sdk=iphoneos*]" = "iPhone Developer";
				COPY_PHASE_STRIP = NO;
				DEBUG_INFORMATION_FORMAT = "dwarf-with-dsym";
				ENABLE_STRICT_OBJC_MSGSEND = YES;
				GCC_C_LANGUAGE_STANDARD = gnu99;
				GCC_DYNAMIC_NO_PIC = NO;
				GCC_NO_COMMON_BLOCKS = YES;
				GCC_OPTIMIZATION_LEVEL = 0;
				GCC_PREPROCESSOR_DEFINITIONS = (
					"DEBUG=1",
					"$(inherited)",
				);
				GCC_SYMBOLS_PRIVATE_EXTERN = NO;
				GCC_WARN_64_TO_32_BIT_CONVERSION = YES;
				GCC_WARN_ABOUT_RETURN_TYPE = YES_ERROR;
				GCC_WARN_UNDECLARED_SELECTOR = YES;
				GCC_WARN_UNINITIALIZED_AUTOS = YES_AGGRESSIVE;
				GCC_WARN_UNUSED_FUNCTION = YES;
				GCC_WARN_UNUSED_VARIABLE = YES;
				IPHONEOS_DEPLOYMENT_TARGET = 8.3;
				MTL_ENABLE_DEBUG_INFO = YES;
				ONLY_ACTIVE_ARCH = YES;
				SDKROOT = iphoneos;
				TARGETED_DEVICE_FAMILY = "1,2";
			};
			name = Debug;
		};
		74FC511E1B4BC98000A111E6 /* Release */ = {
			isa = XCBuildConfiguration;
			buildSettings = {
				ALWAYS_SEARCH_USER_PATHS = NO;
				CLANG_CXX_LANGUAGE_STANDARD = "gnu++0x";
				CLANG_CXX_LIBRARY = "libc++";
				CLANG_ENABLE_MODULES = YES;
				CLANG_ENABLE_OBJC_ARC = YES;
				CLANG_WARN_BOOL_CONVERSION = YES;
				CLANG_WARN_CONSTANT_CONVERSION = YES;
				CLANG_WARN_DIRECT_OBJC_ISA_USAGE = YES_ERROR;
				CLANG_WARN_EMPTY_BODY = YES;
				CLANG_WARN_ENUM_CONVERSION = YES;
				CLANG_WARN_INT_CONVERSION = YES;
				CLANG_WARN_OBJC_ROOT_CLASS = YES_ERROR;
				CLANG_WARN_UNREACHABLE_CODE = YES;
				CLANG_WARN__DUPLICATE_METHOD_MATCH = YES;
				"CODE_SIGN_IDENTITY[sdk=iphoneos*]" = "iPhone Developer";
				COPY_PHASE_STRIP = NO;
				DEBUG_INFORMATION_FORMAT = "dwarf-with-dsym";
				ENABLE_NS_ASSERTIONS = NO;
				ENABLE_STRICT_OBJC_MSGSEND = YES;
				GCC_C_LANGUAGE_STANDARD = gnu99;
				GCC_NO_COMMON_BLOCKS = YES;
				GCC_WARN_64_TO_32_BIT_CONVERSION = YES;
				GCC_WARN_ABOUT_RETURN_TYPE = YES_ERROR;
				GCC_WARN_UNDECLARED_SELECTOR = YES;
				GCC_WARN_UNINITIALIZED_AUTOS = YES_AGGRESSIVE;
				GCC_WARN_UNUSED_FUNCTION = YES;
				GCC_WARN_UNUSED_VARIABLE = YES;
				IPHONEOS_DEPLOYMENT_TARGET = 8.3;
				MTL_ENABLE_DEBUG_INFO = NO;
				SDKROOT = iphoneos;
				TARGETED_DEVICE_FAMILY = "1,2";
				VALIDATE_PRODUCT = YES;
			};
			name = Release;
		};
		74FC51201B4BC98000A111E6 /* Debug */ = {
			isa = XCBuildConfiguration;
			buildSettings = {
				ASSETCATALOG_COMPILER_APPICON_NAME = AppIcon;
				INFOPLIST_FILE = OMenu/Info.plist;
				LD_RUNPATH_SEARCH_PATHS = "$(inherited) @executable_path/Frameworks";
				PRODUCT_NAME = "$(TARGET_NAME)";
			};
			name = Debug;
		};
		74FC51211B4BC98000A111E6 /* Release */ = {
			isa = XCBuildConfiguration;
			buildSettings = {
				ASSETCATALOG_COMPILER_APPICON_NAME = AppIcon;
				INFOPLIST_FILE = OMenu/Info.plist;
				LD_RUNPATH_SEARCH_PATHS = "$(inherited) @executable_path/Frameworks";
				PRODUCT_NAME = "$(TARGET_NAME)";
			};
			name = Release;
		};
		74FC51231B4BC98000A111E6 /* Debug */ = {
			isa = XCBuildConfiguration;
			buildSettings = {
				BUNDLE_LOADER = "$(TEST_HOST)";
				FRAMEWORK_SEARCH_PATHS = (
					"$(SDKROOT)/Developer/Library/Frameworks",
					"$(inherited)",
				);
				GCC_PREPROCESSOR_DEFINITIONS = (
					"DEBUG=1",
					"$(inherited)",
				);
				INFOPLIST_FILE = OMenuTests/Info.plist;
				LD_RUNPATH_SEARCH_PATHS = "$(inherited) @executable_path/Frameworks @loader_path/Frameworks";
				PRODUCT_NAME = "$(TARGET_NAME)";
				TEST_HOST = "$(BUILT_PRODUCTS_DIR)/OMenu.app/OMenu";
			};
			name = Debug;
		};
		74FC51241B4BC98000A111E6 /* Release */ = {
			isa = XCBuildConfiguration;
			buildSettings = {
				BUNDLE_LOADER = "$(TEST_HOST)";
				FRAMEWORK_SEARCH_PATHS = (
					"$(SDKROOT)/Developer/Library/Frameworks",
					"$(inherited)",
				);
				INFOPLIST_FILE = OMenuTests/Info.plist;
				LD_RUNPATH_SEARCH_PATHS = "$(inherited) @executable_path/Frameworks @loader_path/Frameworks";
				PRODUCT_NAME = "$(TARGET_NAME)";
				TEST_HOST = "$(BUILT_PRODUCTS_DIR)/OMenu.app/OMenu";
			};
			name = Release;
		};
/* End XCBuildConfiguration section */

/* Begin XCConfigurationList section */
		74FC50F71B4BC98000A111E6 /* Build configuration list for PBXProject "OMenu" */ = {
			isa = XCConfigurationList;
			buildConfigurations = (
				74FC511D1B4BC98000A111E6 /* Debug */,
				74FC511E1B4BC98000A111E6 /* Release */,
			);
			defaultConfigurationIsVisible = 0;
			defaultConfigurationName = Release;
		};
		74FC511F1B4BC98000A111E6 /* Build configuration list for PBXNativeTarget "OMenu" */ = {
			isa = XCConfigurationList;
			buildConfigurations = (
				74FC51201B4BC98000A111E6 /* Debug */,
				74FC51211B4BC98000A111E6 /* Release */,
			);
			defaultConfigurationIsVisible = 0;
		};
		74FC51221B4BC98000A111E6 /* Build configuration list for PBXNativeTarget "OMenuTests" */ = {
			isa = XCConfigurationList;
			buildConfigurations = (
				74FC51231B4BC98000A111E6 /* Debug */,
				74FC51241B4BC98000A111E6 /* Release */,
			);
			defaultConfigurationIsVisible = 0;
		};
/* End XCConfigurationList section */
	};
	rootObject = 74FC50F41B4BC98000A111E6 /* Project object */;
}
